# This file is autogenerated, do not edit; changes may be undone by the next 'dep ensure'.


[[projects]]
  digest = "1:7d9e2efc92185089bb2e3fe50459624b7f9914165c01cc1e8497fd4c5f77e325"
  name = "github.com/sabhiram/go-gitignore"
  packages = ["."]
  pruneopts = "UT"
  revision = "d3107576ba9425fc1c85f4b3569c4631b805a02e"
  version = "1.0.2"

[solve-meta]
  analyzer-name = "dep"
  analyzer-version = 1
  input-imports = ["github.com/sabhiram/go-gitignore"]
  solver-name = "gps-cdcl"
  solver-version = 1
