# This file is autogenerated, do not edit; changes may be undone by the next 'dep ensure'.


[[projects]]
  branch = "master"
  name = "github.com/mattn/go-zglob"
  packages = [
    ".",
    "fastwalk"
  ]
  revision = "4959821b481786922ac53e7ef25c61ae19fb7c36"

[solve-meta]
  analyzer-name = "dep"
  analyzer-version = 1
  inputs-digest = "30057b7ea45656040a665e3dfc0c29e7778a826618a4610730264c0974a568b9"
  solver-name = "gps-cdcl"
  solver-version = 1
